
Microsoft Visual Studio Solution File, Format Version 12.00
# Visual Studio Version 17
VisualStudioVersion = 17.3.32811.315
MinimumVisualStudioVersion = 10.0.40219.1
Project("{9A19103F-16F7-4668-BE54-9A1E7A4F7556}") = "TheRayTracerChallenge.FloatMath", "src\TheRayTracerChallenge.FloatMath\TheRayTracerChallenge.FloatMath.csproj", "{A71AADDE-CBEB-4329-8389-E00E56AE6E27}"
EndProject
Project("{9A19103F-16F7-4668-BE54-9A1E7A4F7556}") = "TheRayTracerChallenge.FloatMath.Tests", "tests\TheRayTracerChallenge.FloatMath.Tests\TheRayTracerChallenge.FloatMath.Tests.csproj", "{536FECDB-74F1-40A5-8F19-80F104D6D6B7}"
EndProject
Project("{9A19103F-16F7-4668-BE54-9A1E7A4F7556}") = "TheRayTracerChallenge", "src\TheRayTracerChallenge\TheRayTracerChallenge.csproj", "{0430EE95-9F51-4BB7-A44E-AAD04A6FE1E9}"
EndProject
Project("{9A19103F-16F7-4668-BE54-9A1E7A4F7556}") = "TheRayTracerChallenge.Tests", "tests\TheRayTracerChallenge.Tests\TheRayTracerChallenge.Tests.csproj", "{0D7C576D-064A-4CC0-9327-06A7A14E42AE}"
EndProject
Project("{9A19103F-16F7-4668-BE54-9A1E7A4F7556}") = "BallisticsSimulator", "samples\BallisticsSimulator\BallisticsSimulator.csproj", "{90EB5ECD-3AC5-42F8-A654-68C04F4C255B}"
EndProject
Global
	GlobalSection(SolutionConfigurationPlatforms) = preSolution
		Debug|Any CPU = Debug|Any CPU
		Release|Any CPU = Release|Any CPU
	EndGlobalSection
	GlobalSection(ProjectConfigurationPlatforms) = postSolution
		{A71AADDE-CBEB-4329-8389-E00E56AE6E27}.Debug|Any CPU.ActiveCfg = Debug|Any CPU
		{A71AADDE-CBEB-4329-8389-E00E56AE6E27}.Debug|Any CPU.Build.0 = Debug|Any CPU
		{A71AADDE-CBEB-4329-8389-E00E56AE6E27}.Release|Any CPU.ActiveCfg = Release|Any CPU
		{A71AADDE-CBEB-4329-8389-E00E56AE6E27}.Release|Any CPU.Build.0 = Release|Any CPU
		{536FECDB-74F1-40A5-8F19-80F104D6D6B7}.Debug|Any CPU.ActiveCfg = Debug|Any CPU
		{536FECDB-74F1-40A5-8F19-80F104D6D6B7}.Debug|Any CPU.Build.0 = Debug|Any CPU
		{536FECDB-74F1-40A5-8F19-80F104D6D6B7}.Release|Any CPU.ActiveCfg = Release|Any CPU
		{536FECDB-74F1-40A5-8F19-80F104D6D6B7}.Release|Any CPU.Build.0 = Release|Any CPU
		{0430EE95-9F51-4BB7-A44E-AAD04A6FE1E9}.Debug|Any CPU.ActiveCfg = Debug|Any CPU
		{0430EE95-9F51-4BB7-A44E-AAD04A6FE1E9}.Debug|Any CPU.Build.0 = Debug|Any CPU
		{0430EE95-9F51-4BB7-A44E-AAD04A6FE1E9}.Release|Any CPU.ActiveCfg = Release|Any CPU
		{0430EE95-9F51-4BB7-A44E-AAD04A6FE1E9}.Release|Any CPU.Build.0 = Release|Any CPU
		{0D7C576D-064A-4CC0-9327-06A7A14E42AE}.Debug|Any CPU.ActiveCfg = Debug|Any CPU
		{0D7C576D-064A-4CC0-9327-06A7A14E42AE}.Debug|Any CPU.Build.0 = Debug|Any CPU
		{0D7C576D-064A-4CC0-9327-06A7A14E42AE}.Release|Any CPU.ActiveCfg = Release|Any CPU
		{0D7C576D-064A-4CC0-9327-06A7A14E42AE}.Release|Any CPU.Build.0 = Release|Any CPU
		{90EB5ECD-3AC5-42F8-A654-68C04F4C255B}.Debug|Any CPU.ActiveCfg = Debug|Any CPU
		{90EB5ECD-3AC5-42F8-A654-68C04F4C255B}.Debug|Any CPU.Build.0 = Debug|Any CPU
		{90EB5ECD-3AC5-42F8-A654-68C04F4C255B}.Release|Any CPU.ActiveCfg = Release|Any CPU
		{90EB5ECD-3AC5-42F8-A654-68C04F4C255B}.Release|Any CPU.Build.0 = Release|Any CPU
	EndGlobalSection
	GlobalSection(SolutionProperties) = preSolution
		HideSolutionNode = FALSE
	EndGlobalSection
	GlobalSection(ExtensibilityGlobals) = postSolution
		SolutionGuid = {8B5402B5-3650-438A-834C-7E18F3156A60}
	EndGlobalSection
EndGlobal
